
Microsoft Visual Studio Solution File, Format Version 12.00
# Visual Studio 15
VisualStudioVersion = 15.0.27428.2005
MinimumVisualStudioVersion = 10.0.40219.1
Project("{FAE04EC0-301F-11D3-BF4B-00C04F79EFBC}") = "PagesScaffold", "PagesScaffold\PagesScaffold.csproj", "{72435A3F-86ED-4D5A-A850-95A476825DDA}"
EndProject
Global
	GlobalSection(SolutionConfigurationPlatforms) = preSolution
		Debug|Any CPU = Debug|Any CPU
		Release|Any CPU = Release|Any CPU
	EndGlobalSection
	GlobalSection(ProjectConfigurationPlatforms) = postSolution
		{72435A3F-86ED-4D5A-A850-95A476825DDA}.Debug|Any CPU.ActiveCfg = Debug|Any CPU
		{72435A3F-86ED-4D5A-A850-95A476825DDA}.Debug|Any CPU.Build.0 = Debug|Any CPU
		{72435A3F-86ED-4D5A-A850-95A476825DDA}.Release|Any CPU.ActiveCfg = Release|Any CPU
		{72435A3F-86ED-4D5A-A850-95A476825DDA}.Release|Any CPU.Build.0 = Release|Any CPU
	EndGlobalSection
	GlobalSection(SolutionProperties) = preSolution
		HideSolutionNode = FALSE
	EndGlobalSection
	GlobalSection(ExtensibilityGlobals) = postSolution
		SolutionGuid = {00BF2998-A656-499A-8AB5-3E2518AC741F}
	EndGlobalSection
EndGlobal
